
Microsoft Visual Studio Solution File, Format Version 12.00
# Visual Studio 15
VisualStudioVersion = 15.0.27130.2020
MinimumVisualStudioVersion = 10.0.40219.1
Project("{9A19103F-16F7-4668-BE54-9A1E7A4F7556}") = "Mushka.Core", "Mushka.Core\Mushka.Core.csproj", "{20260310-4EF2-4CB5-AE8E-B8DE5B6A8B57}"
EndProject
Project("{9A19103F-16F7-4668-BE54-9A1E7A4F7556}") = "Mushka.Domain", "Mushka.Domain\Mushka.Domain.csproj", "{45992D2D-CFF8-4378-BD4D-700DD7BBAB22}"
EndProject
Project("{9A19103F-16F7-4668-BE54-9A1E7A4F7556}") = "Mushka.Service", "Mushka.Service\Mushka.Service.csproj", "{4FD46BC0-47C9-4344-BFBB-CEC505A05D0C}"
EndProject
Project("{9A19103F-16F7-4668-BE54-9A1E7A4F7556}") = "Mushka.Infrastructure.DataAccess", "Mushka.Infrastructure.DataAccess\Mushka.Infrastructure.DataAccess.csproj", "{FF43B05C-B611-45E6-A304-BE8E05D99561}"
EndProject
Project("{9A19103F-16F7-4668-BE54-9A1E7A4F7556}") = "Mushka.WebApi", "Mushka.WebApi\Mushka.WebApi.csproj", "{30228CBD-1CFB-46EF-829E-A4FBB42F3683}"
EndProject
Global
	GlobalSection(SolutionConfigurationPlatforms) = preSolution
		Debug|Any CPU = Debug|Any CPU
		Release|Any CPU = Release|Any CPU
	EndGlobalSection
	GlobalSection(ProjectConfigurationPlatforms) = postSolution
		{20260310-4EF2-4CB5-AE8E-B8DE5B6A8B57}.Debug|Any CPU.ActiveCfg = Debug|Any CPU
		{20260310-4EF2-4CB5-AE8E-B8DE5B6A8B57}.Debug|Any CPU.Build.0 = Debug|Any CPU
		{20260310-4EF2-4CB5-AE8E-B8DE5B6A8B57}.Release|Any CPU.ActiveCfg = Release|Any CPU
		{20260310-4EF2-4CB5-AE8E-B8DE5B6A8B57}.Release|Any CPU.Build.0 = Release|Any CPU
		{45992D2D-CFF8-4378-BD4D-700DD7BBAB22}.Debug|Any CPU.ActiveCfg = Debug|Any CPU
		{45992D2D-CFF8-4378-BD4D-700DD7BBAB22}.Debug|Any CPU.Build.0 = Debug|Any CPU
		{45992D2D-CFF8-4378-BD4D-700DD7BBAB22}.Release|Any CPU.ActiveCfg = Release|Any CPU
		{45992D2D-CFF8-4378-BD4D-700DD7BBAB22}.Release|Any CPU.Build.0 = Release|Any CPU
		{4FD46BC0-47C9-4344-BFBB-CEC505A05D0C}.Debug|Any CPU.ActiveCfg = Debug|Any CPU
		{4FD46BC0-47C9-4344-BFBB-CEC505A05D0C}.Debug|Any CPU.Build.0 = Debug|Any CPU
		{4FD46BC0-47C9-4344-BFBB-CEC505A05D0C}.Release|Any CPU.ActiveCfg = Release|Any CPU
		{4FD46BC0-47C9-4344-BFBB-CEC505A05D0C}.Release|Any CPU.Build.0 = Release|Any CPU
		{FF43B05C-B611-45E6-A304-BE8E05D99561}.Debug|Any CPU.ActiveCfg = Debug|Any CPU
		{FF43B05C-B611-45E6-A304-BE8E05D99561}.Debug|Any CPU.Build.0 = Debug|Any CPU
		{FF43B05C-B611-45E6-A304-BE8E05D99561}.Release|Any CPU.ActiveCfg = Release|Any CPU
		{FF43B05C-B611-45E6-A304-BE8E05D99561}.Release|Any CPU.Build.0 = Release|Any CPU
		{30228CBD-1CFB-46EF-829E-A4FBB42F3683}.Debug|Any CPU.ActiveCfg = Debug|Any CPU
		{30228CBD-1CFB-46EF-829E-A4FBB42F3683}.Debug|Any CPU.Build.0 = Debug|Any CPU
		{30228CBD-1CFB-46EF-829E-A4FBB42F3683}.Release|Any CPU.ActiveCfg = Release|Any CPU
		{30228CBD-1CFB-46EF-829E-A4FBB42F3683}.Release|Any CPU.Build.0 = Release|Any CPU
	EndGlobalSection
	GlobalSection(SolutionProperties) = preSolution
		HideSolutionNode = FALSE
	EndGlobalSection
	GlobalSection(ExtensibilityGlobals) = postSolution
		SolutionGuid = {E626DDE8-1D15-44C1-9D2D-1EEE96281A06}
	EndGlobalSection
EndGlobal
